
Microsoft Visual Studio Solution File, Format Version 12.00
# Visual Studio 15
VisualStudioVersion = 15.0.26730.10
MinimumVisualStudioVersion = 10.0.40219.1
Project("{FAE04EC0-301F-11D3-BF4B-00C04F79EFBC}") = "App1.Android", "App1\App1.Android\App1.Android.csproj", "{125EB305-8BCD-4156-956A-25406A27190F}"
EndProject
Project("{FAE04EC0-301F-11D3-BF4B-00C04F79EFBC}") = "App1", "App1\App1\App1.csproj", "{9674DDDC-A9BE-44E8-B887-E41051E0DE51}"
EndProject
Project("{FAE04EC0-301F-11D3-BF4B-00C04F79EFBC}") = "App1.UWP", "App1\App1.UWP\App1.UWP.csproj", "{D4213E9C-6C9F-4A1F-921C-CFDCA5A4B82C}"
EndProject
Project("{FAE04EC0-301F-11D3-BF4B-00C04F79EFBC}") = "App1.iOS", "App1\App1.iOS\App1.iOS.csproj", "{C7285A72-F35A-49BE-8FFD-B369C2A5FB5F}"
EndProject
Global
	GlobalSection(SolutionConfigurationPlatforms) = preSolution
		Ad-Hoc|Any CPU = Ad-Hoc|Any CPU
		Ad-Hoc|ARM = Ad-Hoc|ARM
		Ad-Hoc|iPhone = Ad-Hoc|iPhone
		Ad-Hoc|iPhoneSimulator = Ad-Hoc|iPhoneSimulator
		Ad-Hoc|x64 = Ad-Hoc|x64
		Ad-Hoc|x86 = Ad-Hoc|x86
		AppStore|Any CPU = AppStore|Any CPU
		AppStore|ARM = AppStore|ARM
		AppStore|iPhone = AppStore|iPhone
		AppStore|iPhoneSimulator = AppStore|iPhoneSimulator
		AppStore|x64 = AppStore|x64
		AppStore|x86 = AppStore|x86
		Debug|Any CPU = Debug|Any CPU
		Debug|ARM = Debug|ARM
		Debug|iPhone = Debug|iPhone
		Debug|iPhoneSimulator = Debug|iPhoneSimulator
		Debug|x64 = Debug|x64
		Debug|x86 = Debug|x86
		Release|Any CPU = Release|Any CPU
		Release|ARM = Release|ARM
		Release|iPhone = Release|iPhone
		Release|iPhoneSimulator = Release|iPhoneSimulator
		Release|x64 = Release|x64
		Release|x86 = Release|x86
	EndGlobalSection
	GlobalSection(ProjectConfigurationPlatforms) = postSolution
		{125EB305-8BCD-4156-956A-25406A27190F}.Ad-Hoc|Any CPU.ActiveCfg = Release|Any CPU
		{125EB305-8BCD-4156-956A-25406A27190F}.Ad-Hoc|Any CPU.Build.0 = Release|Any CPU
		{125EB305-8BCD-4156-956A-25406A27190F}.Ad-Hoc|Any CPU.Deploy.0 = Release|Any CPU
		{125EB305-8BCD-4156-956A-25406A27190F}.Ad-Hoc|ARM.ActiveCfg = Release|Any CPU
		{125EB305-8BCD-4156-956A-25406A27190F}.Ad-Hoc|ARM.Build.0 = Release|Any CPU
		{125EB305-8BCD-4156-956A-25406A27190F}.Ad-Hoc|ARM.Deploy.0 = Release|Any CPU
		{125EB305-8BCD-4156-956A-25406A27190F}.Ad-Hoc|iPhone.ActiveCfg = Release|Any CPU
		{125EB305-8BCD-4156-956A-25406A27190F}.Ad-Hoc|iPhone.Build.0 = Release|Any CPU
		{125EB305-8BCD-4156-956A-25406A27190F}.Ad-Hoc|iPhone.Deploy.0 = Release|Any CPU
		{125EB305-8BCD-4156-956A-25406A27190F}.Ad-Hoc|iPhoneSimulator.ActiveCfg = Release|Any CPU
		{125EB305-8BCD-4156-956A-25406A27190F}.Ad-Hoc|iPhoneSimulator.Build.0 = Release|Any CPU
		{125EB305-8BCD-4156-956A-25406A27190F}.Ad-Hoc|iPhoneSimulator.Deploy.0 = Release|Any CPU
		{125EB305-8BCD-4156-956A-25406A27190F}.Ad-Hoc|x64.ActiveCfg = Release|Any CPU
		{125EB305-8BCD-4156-956A-25406A27190F}.Ad-Hoc|x64.Build.0 = Release|Any CPU
		{125EB305-8BCD-4156-956A-25406A27190F}.Ad-Hoc|x64.Deploy.0 = Release|Any CPU
		{125EB305-8BCD-4156-956A-25406A27190F}.Ad-Hoc|x86.ActiveCfg = Release|Any CPU
		{125EB305-8BCD-4156-956A-25406A27190F}.Ad-Hoc|x86.Build.0 = Release|Any CPU
		{125EB305-8BCD-4156-956A-25406A27190F}.Ad-Hoc|x86.Deploy.0 = Release|Any CPU
		{125EB305-8BCD-4156-956A-25406A27190F}.AppStore|Any CPU.ActiveCfg = Release|Any CPU
		{125EB305-8BCD-4156-956A-25406A27190F}.AppStore|Any CPU.Build.0 = Release|Any CPU
		{125EB305-8BCD-4156-956A-25406A27190F}.AppStore|Any CPU.Deploy.0 = Release|Any CPU
		{125EB305-8BCD-4156-956A-25406A27190F}.AppStore|ARM.ActiveCfg = Release|Any CPU
		{125EB305-8BCD-4156-956A-25406A27190F}.AppStore|ARM.Build.0 = Release|Any CPU
		{125EB305-8BCD-4156-956A-25406A27190F}.AppStore|ARM.Deploy.0 = Release|Any CPU
		{125EB305-8BCD-4156-956A-25406A27190F}.AppStore|iPhone.ActiveCfg = Release|Any CPU
		{125EB305-8BCD-4156-956A-25406A27190F}.AppStore|iPhone.Build.0 = Release|Any CPU
		{125EB305-8BCD-4156-956A-25406A27190F}.AppStore|iPhone.Deploy.0 = Release|Any CPU
		{125EB305-8BCD-4156-956A-25406A27190F}.AppStore|iPhoneSimulator.ActiveCfg = Release|Any CPU
		{125EB305-8BCD-4156-956A-25406A27190F}.AppStore|iPhoneSimulator.Build.0 = Release|Any CPU
		{125EB305-8BCD-4156-956A-25406A27190F}.AppStore|iPhoneSimulator.Deploy.0 = Release|Any CPU
		{125EB305-8BCD-4156-956A-25406A27190F}.AppStore|x64.ActiveCfg = Release|Any CPU
		{125EB305-8BCD-4156-956A-25406A27190F}.AppStore|x64.Build.0 = Release|Any CPU
		{125EB305-8BCD-4156-956A-25406A27190F}.AppStore|x64.Deploy.0 = Release|Any CPU
		{125EB305-8BCD-4156-956A-25406A27190F}.AppStore|x86.ActiveCfg = Release|Any CPU
		{125EB305-8BCD-4156-956A-25406A27190F}.AppStore|x86.Build.0 = Release|Any CPU
		{125EB305-8BCD-4156-956A-25406A27190F}.AppStore|x86.Deploy.0 = Release|Any CPU
		{125EB305-8BCD-4156-956A-25406A27190F}.Debug|Any CPU.ActiveCfg = Debug|Any CPU
		{125EB305-8BCD-4156-956A-25406A27190F}.Debug|Any CPU.Build.0 = Debug|Any CPU
		{125EB305-8BCD-4156-956A-25406A27190F}.Debug|Any CPU.Deploy.0 = Debug|Any CPU
		{125EB305-8BCD-4156-956A-25406A27190F}.Debug|ARM.ActiveCfg = Debug|Any CPU
		{125EB305-8BCD-4156-956A-25406A27190F}.Debug|ARM.Build.0 = Debug|Any CPU
		{125EB305-8BCD-4156-956A-25406A27190F}.Debug|ARM.Deploy.0 = Debug|Any CPU
		{125EB305-8BCD-4156-956A-25406A27190F}.Debug|iPhone.ActiveCfg = Debug|Any CPU
		{125EB305-8BCD-4156-956A-25406A27190F}.Debug|iPhone.Build.0 = Debug|Any CPU
		{125EB305-8BCD-4156-956A-25406A27190F}.Debug|iPhone.Deploy.0 = Debug|Any CPU
		{125EB305-8BCD-4156-956A-25406A27190F}.Debug|iPhoneSimulator.ActiveCfg = Debug|Any CPU
		{125EB305-8BCD-4156-956A-25406A27190F}.Debug|iPhoneSimulator.Build.0 = Debug|Any CPU
		{125EB305-8BCD-4156-956A-25406A27190F}.Debug|iPhoneSimulator.Deploy.0 = Debug|Any CPU
		{125EB305-8BCD-4156-956A-25406A27190F}.Debug|x64.ActiveCfg = Debug|Any CPU
		{125EB305-8BCD-4156-956A-25406A27190F}.Debug|x64.Build.0 = Debug|Any CPU
		{125EB305-8BCD-4156-956A-25406A27190F}.Debug|x64.Deploy.0 = Debug|Any CPU
		{125EB305-8BCD-4156-956A-25406A27190F}.Debug|x86.ActiveCfg = Debug|Any CPU
		{125EB305-8BCD-4156-956A-25406A27190F}.Debug|x86.Build.0 = Debug|Any CPU
		{125EB305-8BCD-4156-956A-25406A27190F}.Debug|x86.Deploy.0 = Debug|Any CPU
		{125EB305-8BCD-4156-956A-25406A27190F}.Release|Any CPU.ActiveCfg = Release|Any CPU
		{125EB305-8BCD-4156-956A-25406A27190F}.Release|Any CPU.Build.0 = Release|Any CPU
		{125EB305-8BCD-4156-956A-25406A27190F}.Release|Any CPU.Deploy.0 = Release|Any CPU
		{125EB305-8BCD-4156-956A-25406A27190F}.Release|ARM.ActiveCfg = Release|Any CPU
		{125EB305-8BCD-4156-956A-25406A27190F}.Release|ARM.Build.0 = Release|Any CPU
		{125EB305-8BCD-4156-956A-25406A27190F}.Release|ARM.Deploy.0 = Release|Any CPU
		{125EB305-8BCD-4156-956A-25406A27190F}.Release|iPhone.ActiveCfg = Release|Any CPU
		{125EB305-8BCD-4156-956A-25406A27190F}.Release|iPhone.Build.0 = Release|Any CPU
		{125EB305-8BCD-4156-956A-25406A27190F}.Release|iPhone.Deploy.0 = Release|Any CPU
		{125EB305-8BCD-4156-956A-25406A27190F}.Release|iPhoneSimulator.ActiveCfg = Release|Any CPU
		{125EB305-8BCD-4156-956A-25406A27190F}.Release|iPhoneSimulator.Build.0 = Release|Any CPU
		{125EB305-8BCD-4156-956A-25406A27190F}.Release|iPhoneSimulator.Deploy.0 = Release|Any CPU
		{125EB305-8BCD-4156-956A-25406A27190F}.Release|x64.ActiveCfg = Release|Any CPU
		{125EB305-8BCD-4156-956A-25406A27190F}.Release|x64.Build.0 = Release|Any CPU
		{125EB305-8BCD-4156-956A-25406A27190F}.Release|x64.Deploy.0 = Release|Any CPU
		{125EB305-8BCD-4156-956A-25406A27190F}.Release|x86.ActiveCfg = Release|Any CPU
		{125EB305-8BCD-4156-956A-25406A27190F}.Release|x86.Build.0 = Release|Any CPU
		{125EB305-8BCD-4156-956A-25406A27190F}.Release|x86.Deploy.0 = Release|Any CPU
		{9674DDDC-A9BE-44E8-B887-E41051E0DE51}.Ad-Hoc|Any CPU.ActiveCfg = Release|Any CPU
		{9674DDDC-A9BE-44E8-B887-E41051E0DE51}.Ad-Hoc|Any CPU.Build.0 = Release|Any CPU
		{9674DDDC-A9BE-44E8-B887-E41051E0DE51}.Ad-Hoc|ARM.ActiveCfg = Release|Any CPU
		{9674DDDC-A9BE-44E8-B887-E41051E0DE51}.Ad-Hoc|ARM.Build.0 = Release|Any CPU
		{9674DDDC-A9BE-44E8-B887-E41051E0DE51}.Ad-Hoc|iPhone.ActiveCfg = Release|Any CPU
		{9674DDDC-A9BE-44E8-B887-E41051E0DE51}.Ad-Hoc|iPhone.Build.0 = Release|Any CPU
		{9674DDDC-A9BE-44E8-B887-E41051E0DE51}.Ad-Hoc|iPhoneSimulator.ActiveCfg = Release|Any CPU
		{9674DDDC-A9BE-44E8-B887-E41051E0DE51}.Ad-Hoc|iPhoneSimulator.Build.0 = Release|Any CPU
		{9674DDDC-A9BE-44E8-B887-E41051E0DE51}.Ad-Hoc|x64.ActiveCfg = Release|Any CPU
		{9674DDDC-A9BE-44E8-B887-E41051E0DE51}.Ad-Hoc|x64.Build.0 = Release|Any CPU
		{9674DDDC-A9BE-44E8-B887-E41051E0DE51}.Ad-Hoc|x86.ActiveCfg = Release|Any CPU
		{9674DDDC-A9BE-44E8-B887-E41051E0DE51}.Ad-Hoc|x86.Build.0 = Release|Any CPU
		{9674DDDC-A9BE-44E8-B887-E41051E0DE51}.AppStore|Any CPU.ActiveCfg = Release|Any CPU
		{9674DDDC-A9BE-44E8-B887-E41051E0DE51}.AppStore|Any CPU.Build.0 = Release|Any CPU
		{9674DDDC-A9BE-44E8-B887-E41051E0DE51}.AppStore|ARM.ActiveCfg = Release|Any CPU
		{9674DDDC-A9BE-44E8-B887-E41051E0DE51}.AppStore|ARM.Build.0 = Release|Any CPU
		{9674DDDC-A9BE-44E8-B887-E41051E0DE51}.AppStore|iPhone.ActiveCfg = Release|Any CPU
		{9674DDDC-A9BE-44E8-B887-E41051E0DE51}.AppStore|iPhone.Build.0 = Release|Any CPU
		{9674DDDC-A9BE-44E8-B887-E41051E0DE51}.AppStore|iPhoneSimulator.ActiveCfg = Release|Any CPU
		{9674DDDC-A9BE-44E8-B887-E41051E0DE51}.AppStore|iPhoneSimulator.Build.0 = Release|Any CPU
		{9674DDDC-A9BE-44E8-B887-E41051E0DE51}.AppStore|x64.ActiveCfg = Release|Any CPU
		{9674DDDC-A9BE-44E8-B887-E41051E0DE51}.AppStore|x64.Build.0 = Release|Any CPU
		{9674DDDC-A9BE-44E8-B887-E41051E0DE51}.AppStore|x86.ActiveCfg = Release|Any CPU
		{9674DDDC-A9BE-44E8-B887-E41051E0DE51}.AppStore|x86.Build.0 = Release|Any CPU
		{9674DDDC-A9BE-44E8-B887-E41051E0DE51}.Debug|Any CPU.ActiveCfg = Debug|Any CPU
		{9674DDDC-A9BE-44E8-B887-E41051E0DE51}.Debug|Any CPU.Build.0 = Debug|Any CPU
		{9674DDDC-A9BE-44E8-B887-E41051E0DE51}.Debug|ARM.ActiveCfg = Debug|Any CPU
		{9674DDDC-A9BE-44E8-B887-E41051E0DE51}.Debug|ARM.Build.0 = Debug|Any CPU
		{9674DDDC-A9BE-44E8-B887-E41051E0DE51}.Debug|iPhone.ActiveCfg = Debug|Any CPU
		{9674DDDC-A9BE-44E8-B887-E41051E0DE51}.Debug|iPhone.Build.0 = Debug|Any CPU
		{9674DDDC-A9BE-44E8-B887-E41051E0DE51}.Debug|iPhoneSimulator.ActiveCfg = Debug|Any CPU
		{9674DDDC-A9BE-44E8-B887-E41051E0DE51}.Debug|iPhoneSimulator.Build.0 = Debug|Any CPU
		{9674DDDC-A9BE-44E8-B887-E41051E0DE51}.Debug|x64.ActiveCfg = Debug|Any CPU
		{9674DDDC-A9BE-44E8-B887-E41051E0DE51}.Debug|x64.Build.0 = Debug|Any CPU
		{9674DDDC-A9BE-44E8-B887-E41051E0DE51}.Debug|x86.ActiveCfg = Debug|Any CPU
		{9674DDDC-A9BE-44E8-B887-E41051E0DE51}.Debug|x86.Build.0 = Debug|Any CPU
		{9674DDDC-A9BE-44E8-B887-E41051E0DE51}.Release|Any CPU.ActiveCfg = Release|Any CPU
		{9674DDDC-A9BE-44E8-B887-E41051E0DE51}.Release|Any CPU.Build.0 = Release|Any CPU
		{9674DDDC-A9BE-44E8-B887-E41051E0DE51}.Release|ARM.ActiveCfg = Release|Any CPU
		{9674DDDC-A9BE-44E8-B887-E41051E0DE51}.Release|ARM.Build.0 = Release|Any CPU
		{9674DDDC-A9BE-44E8-B887-E41051E0DE51}.Release|iPhone.ActiveCfg = Release|Any CPU
		{9674DDDC-A9BE-44E8-B887-E41051E0DE51}.Release|iPhone.Build.0 = Release|Any CPU
		{9674DDDC-A9BE-44E8-B887-E41051E0DE51}.Release|iPhoneSimulator.ActiveCfg = Release|Any CPU
		{9674DDDC-A9BE-44E8-B887-E41051E0DE51}.Release|iPhoneSimulator.Build.0 = Release|Any CPU
		{9674DDDC-A9BE-44E8-B887-E41051E0DE51}.Release|x64.ActiveCfg = Release|Any CPU
		{9674DDDC-A9BE-44E8-B887-E41051E0DE51}.Release|x64.Build.0 = Release|Any CPU
		{9674DDDC-A9BE-44E8-B887-E41051E0DE51}.Release|x86.ActiveCfg = Release|Any CPU
		{9674DDDC-A9BE-44E8-B887-E41051E0DE51}.Release|x86.Build.0 = Release|Any CPU
		{D4213E9C-6C9F-4A1F-921C-CFDCA5A4B82C}.Ad-Hoc|Any CPU.ActiveCfg = Release|x86
		{D4213E9C-6C9F-4A1F-921C-CFDCA5A4B82C}.Ad-Hoc|Any CPU.Build.0 = Release|x86
		{D4213E9C-6C9F-4A1F-921C-CFDCA5A4B82C}.Ad-Hoc|Any CPU.Deploy.0 = Release|x86
		{D4213E9C-6C9F-4A1F-921C-CFDCA5A4B82C}.Ad-Hoc|ARM.ActiveCfg = Release|ARM
		{D4213E9C-6C9F-4A1F-921C-CFDCA5A4B82C}.Ad-Hoc|ARM.Build.0 = Release|ARM
		{D4213E9C-6C9F-4A1F-921C-CFDCA5A4B82C}.Ad-Hoc|ARM.Deploy.0 = Release|ARM
		{D4213E9C-6C9F-4A1F-921C-CFDCA5A4B82C}.Ad-Hoc|iPhone.ActiveCfg = Release|x86
		{D4213E9C-6C9F-4A1F-921C-CFDCA5A4B82C}.Ad-Hoc|iPhone.Build.0 = Release|x86
		{D4213E9C-6C9F-4A1F-921C-CFDCA5A4B82C}.Ad-Hoc|iPhone.Deploy.0 = Release|x86
		{D4213E9C-6C9F-4A1F-921C-CFDCA5A4B82C}.Ad-Hoc|iPhoneSimulator.ActiveCfg = Release|x86
		{D4213E9C-6C9F-4A1F-921C-CFDCA5A4B82C}.Ad-Hoc|iPhoneSimulator.Build.0 = Release|x86
		{D4213E9C-6C9F-4A1F-921C-CFDCA5A4B82C}.Ad-Hoc|iPhoneSimulator.Deploy.0 = Release|x86
		{D4213E9C-6C9F-4A1F-921C-CFDCA5A4B82C}.Ad-Hoc|x64.ActiveCfg = Release|x64
		{D4213E9C-6C9F-4A1F-921C-CFDCA5A4B82C}.Ad-Hoc|x64.Build.0 = Release|x64
		{D4213E9C-6C9F-4A1F-921C-CFDCA5A4B82C}.Ad-Hoc|x64.Deploy.0 = Release|x64
		{D4213E9C-6C9F-4A1F-921C-CFDCA5A4B82C}.Ad-Hoc|x86.ActiveCfg = Release|x86
		{D4213E9C-6C9F-4A1F-921C-CFDCA5A4B82C}.Ad-Hoc|x86.Build.0 = Release|x86
		{D4213E9C-6C9F-4A1F-921C-CFDCA5A4B82C}.Ad-Hoc|x86.Deploy.0 = Release|x86
		{D4213E9C-6C9F-4A1F-921C-CFDCA5A4B82C}.AppStore|Any CPU.ActiveCfg = Release|x86
		{D4213E9C-6C9F-4A1F-921C-CFDCA5A4B82C}.AppStore|Any CPU.Build.0 = Release|x86
		{D4213E9C-6C9F-4A1F-921C-CFDCA5A4B82C}.AppStore|Any CPU.Deploy.0 = Release|x86
		{D4213E9C-6C9F-4A1F-921C-CFDCA5A4B82C}.AppStore|ARM.ActiveCfg = Release|ARM
		{D4213E9C-6C9F-4A1F-921C-CFDCA5A4B82C}.AppStore|ARM.Build.0 = Release|ARM
		{D4213E9C-6C9F-4A1F-921C-CFDCA5A4B82C}.AppStore|ARM.Deploy.0 = Release|ARM
		{D4213E9C-6C9F-4A1F-921C-CFDCA5A4B82C}.AppStore|iPhone.ActiveCfg = Release|x86
		{D4213E9C-6C9F-4A1F-921C-CFDCA5A4B82C}.AppStore|iPhone.Build.0 = Release|x86
		{D4213E9C-6C9F-4A1F-921C-CFDCA5A4B82C}.AppStore|iPhone.Deploy.0 = Release|x86
		{D4213E9C-6C9F-4A1F-921C-CFDCA5A4B82C}.AppStore|iPhoneSimulator.ActiveCfg = Release|x86
		{D4213E9C-6C9F-4A1F-921C-CFDCA5A4B82C}.AppStore|iPhoneSimulator.Build.0 = Release|x86
		{D4213E9C-6C9F-4A1F-921C-CFDCA5A4B82C}.AppStore|iPhoneSimulator.Deploy.0 = Release|x86
		{D4213E9C-6C9F-4A1F-921C-CFDCA5A4B82C}.AppStore|x64.ActiveCfg = Release|x64
		{D4213E9C-6C9F-4A1F-921C-CFDCA5A4B82C}.AppStore|x64.Build.0 = Release|x64
		{D4213E9C-6C9F-4A1F-921C-CFDCA5A4B82C}.AppStore|x64.Deploy.0 = Release|x64
		{D4213E9C-6C9F-4A1F-921C-CFDCA5A4B82C}.AppStore|x86.ActiveCfg = Release|x86
		{D4213E9C-6C9F-4A1F-921C-CFDCA5A4B82C}.AppStore|x86.Build.0 = Release|x86
		{D4213E9C-6C9F-4A1F-921C-CFDCA5A4B82C}.AppStore|x86.Deploy.0 = Release|x86
		{D4213E9C-6C9F-4A1F-921C-CFDCA5A4B82C}.Debug|Any CPU.ActiveCfg = Debug|x86
		{D4213E9C-6C9F-4A1F-921C-CFDCA5A4B82C}.Debug|ARM.ActiveCfg = Debug|ARM
		{D4213E9C-6C9F-4A1F-921C-CFDCA5A4B82C}.Debug|ARM.Build.0 = Debug|ARM
		{D4213E9C-6C9F-4A1F-921C-CFDCA5A4B82C}.Debug|ARM.Deploy.0 = Debug|ARM
		{D4213E9C-6C9F-4A1F-921C-CFDCA5A4B82C}.Debug|iPhone.ActiveCfg = Debug|x86
		{D4213E9C-6C9F-4A1F-921C-CFDCA5A4B82C}.Debug|iPhoneSimulator.ActiveCfg = Debug|x86
		{D4213E9C-6C9F-4A1F-921C-CFDCA5A4B82C}.Debug|x64.ActiveCfg = Debug|x64
		{D4213E9C-6C9F-4A1F-921C-CFDCA5A4B82C}.Debug|x64.Build.0 = Debug|x64
		{D4213E9C-6C9F-4A1F-921C-CFDCA5A4B82C}.Debug|x64.Deploy.0 = Debug|x64
		{D4213E9C-6C9F-4A1F-921C-CFDCA5A4B82C}.Debug|x86.ActiveCfg = Debug|x86
		{D4213E9C-6C9F-4A1F-921C-CFDCA5A4B82C}.Debug|x86.Build.0 = Debug|x86
		{D4213E9C-6C9F-4A1F-921C-CFDCA5A4B82C}.Debug|x86.Deploy.0 = Debug|x86
		{D4213E9C-6C9F-4A1F-921C-CFDCA5A4B82C}.Release|Any CPU.ActiveCfg = Release|x86
		{D4213E9C-6C9F-4A1F-921C-CFDCA5A4B82C}.Release|ARM.ActiveCfg = Release|ARM
		{D4213E9C-6C9F-4A1F-921C-CFDCA5A4B82C}.Release|ARM.Build.0 = Release|ARM
		{D4213E9C-6C9F-4A1F-921C-CFDCA5A4B82C}.Release|ARM.Deploy.0 = Release|ARM
		{D4213E9C-6C9F-4A1F-921C-CFDCA5A4B82C}.Release|iPhone.ActiveCfg = Release|x86
		{D4213E9C-6C9F-4A1F-921C-CFDCA5A4B82C}.Release|iPhoneSimulator.ActiveCfg = Release|x86
		{D4213E9C-6C9F-4A1F-921C-CFDCA5A4B82C}.Release|x64.ActiveCfg = Release|x64
		{D4213E9C-6C9F-4A1F-921C-CFDCA5A4B82C}.Release|x64.Build.0 = Release|x64
		{D4213E9C-6C9F-4A1F-921C-CFDCA5A4B82C}.Release|x64.Deploy.0 = Release|x64
		{D4213E9C-6C9F-4A1F-921C-CFDCA5A4B82C}.Release|x86.ActiveCfg = Release|x86
		{D4213E9C-6C9F-4A1F-921C-CFDCA5A4B82C}.Release|x86.Build.0 = Release|x86
		{D4213E9C-6C9F-4A1F-921C-CFDCA5A4B82C}.Release|x86.Deploy.0 = Release|x86
		{C7285A72-F35A-49BE-8FFD-B369C2A5FB5F}.Ad-Hoc|Any CPU.ActiveCfg = Ad-Hoc|iPhone
		{C7285A72-F35A-49BE-8FFD-B369C2A5FB5F}.Ad-Hoc|ARM.ActiveCfg = Ad-Hoc|iPhone
		{C7285A72-F35A-49BE-8FFD-B369C2A5FB5F}.Ad-Hoc|iPhone.ActiveCfg = Ad-Hoc|iPhone
		{C7285A72-F35A-49BE-8FFD-B369C2A5FB5F}.Ad-Hoc|iPhone.Build.0 = Ad-Hoc|iPhone
		{C7285A72-F35A-49BE-8FFD-B369C2A5FB5F}.Ad-Hoc|iPhoneSimulator.ActiveCfg = Ad-Hoc|iPhoneSimulator
		{C7285A72-F35A-49BE-8FFD-B369C2A5FB5F}.Ad-Hoc|iPhoneSimulator.Build.0 = Ad-Hoc|iPhoneSimulator
		{C7285A72-F35A-49BE-8FFD-B369C2A5FB5F}.Ad-Hoc|x64.ActiveCfg = Ad-Hoc|iPhone
		{C7285A72-F35A-49BE-8FFD-B369C2A5FB5F}.Ad-Hoc|x86.ActiveCfg = Ad-Hoc|iPhone
		{C7285A72-F35A-49BE-8FFD-B369C2A5FB5F}.AppStore|Any CPU.ActiveCfg = AppStore|iPhone
		{C7285A72-F35A-49BE-8FFD-B369C2A5FB5F}.AppStore|ARM.ActiveCfg = AppStore|iPhone
		{C7285A72-F35A-49BE-8FFD-B369C2A5FB5F}.AppStore|iPhone.ActiveCfg = AppStore|iPhone
		{C7285A72-F35A-49BE-8FFD-B369C2A5FB5F}.AppStore|iPhone.Build.0 = AppStore|iPhone
		{C7285A72-F35A-49BE-8FFD-B369C2A5FB5F}.AppStore|iPhoneSimulator.ActiveCfg = AppStore|iPhoneSimulator
		{C7285A72-F35A-49BE-8FFD-B369C2A5FB5F}.AppStore|iPhoneSimulator.Build.0 = AppStore|iPhoneSimulator
		{C7285A72-F35A-49BE-8FFD-B369C2A5FB5F}.AppStore|x64.ActiveCfg = AppStore|iPhone
		{C7285A72-F35A-49BE-8FFD-B369C2A5FB5F}.AppStore|x86.ActiveCfg = AppStore|iPhone
		{C7285A72-F35A-49BE-8FFD-B369C2A5FB5F}.Debug|Any CPU.ActiveCfg = Debug|iPhone
		{C7285A72-F35A-49BE-8FFD-B369C2A5FB5F}.Debug|ARM.ActiveCfg = Debug|iPhone
		{C7285A72-F35A-49BE-8FFD-B369C2A5FB5F}.Debug|iPhone.ActiveCfg = Debug|iPhone
		{C7285A72-F35A-49BE-8FFD-B369C2A5FB5F}.Debug|iPhone.Build.0 = Debug|iPhone
		{C7285A72-F35A-49BE-8FFD-B369C2A5FB5F}.Debug|iPhoneSimulator.ActiveCfg = Debug|iPhoneSimulator
		{C7285A72-F35A-49BE-8FFD-B369C2A5FB5F}.Debug|iPhoneSimulator.Build.0 = Debug|iPhoneSimulator
		{C7285A72-F35A-49BE-8FFD-B369C2A5FB5F}.Debug|x64.ActiveCfg = Debug|iPhone
		{C7285A72-F35A-49BE-8FFD-B369C2A5FB5F}.Debug|x86.ActiveCfg = Debug|iPhone
		{C7285A72-F35A-49BE-8FFD-B369C2A5FB5F}.Release|Any CPU.ActiveCfg = Release|iPhone
		{C7285A72-F35A-49BE-8FFD-B369C2A5FB5F}.Release|ARM.ActiveCfg = Release|iPhone
		{C7285A72-F35A-49BE-8FFD-B369C2A5FB5F}.Release|iPhone.ActiveCfg = Release|iPhone
		{C7285A72-F35A-49BE-8FFD-B369C2A5FB5F}.Release|iPhone.Build.0 = Release|iPhone
		{C7285A72-F35A-49BE-8FFD-B369C2A5FB5F}.Release|iPhoneSimulator.ActiveCfg = Release|iPhoneSimulator
		{C7285A72-F35A-49BE-8FFD-B369C2A5FB5F}.Release|iPhoneSimulator.Build.0 = Release|iPhoneSimulator
		{C7285A72-F35A-49BE-8FFD-B369C2A5FB5F}.Release|x64.ActiveCfg = Release|iPhone
		{C7285A72-F35A-49BE-8FFD-B369C2A5FB5F}.Release|x86.ActiveCfg = Release|iPhone
	EndGlobalSection
	GlobalSection(SolutionProperties) = preSolution
		HideSolutionNode = FALSE
	EndGlobalSection
	GlobalSection(ExtensibilityGlobals) = postSolution
		SolutionGuid = {A4DA8C0E-16E5-4993-8608-9D417E4350F2}
	EndGlobalSection
EndGlobal
