
Microsoft Visual Studio Solution File, Format Version 12.00
# Visual Studio 14
VisualStudioVersion = 14.0.25420.1
MinimumVisualStudioVersion = 10.0.40219.1
Project("{FAE04EC0-301F-11D3-BF4B-00C04F79EFBC}") = "Cities", "Cities\Cities\Cities.csproj", "{A125B99F-2338-4FFF-ACF9-38B7E0292981}"
EndProject
Project("{FAE04EC0-301F-11D3-BF4B-00C04F79EFBC}") = "Cities.Droid", "Cities\Cities.Droid\Cities.Droid.csproj", "{A8AD9CDD-D8CB-4D04-94A3-E5DEB5475F7F}"
EndProject
Project("{FAE04EC0-301F-11D3-BF4B-00C04F79EFBC}") = "Cities.iOS", "Cities\Cities.iOS\Cities.iOS.csproj", "{65246683-8001-40D1-8BCA-340E8EDCD5F7}"
EndProject
Project("{FAE04EC0-301F-11D3-BF4B-00C04F79EFBC}") = "Cities.WinPhone", "Cities\Cities.WinPhone\Cities.WinPhone.csproj", "{89A24204-C7D9-4FC3-A6E5-D79D5A02BA14}"
EndProject
Project("{FAE04EC0-301F-11D3-BF4B-00C04F79EFBC}") = "Cities.Windows", "Cities\Cities.Windows\Cities.Windows.csproj", "{7BBF4A85-3E26-416D-89D4-10C0EE185E12}"
EndProject
Global
	GlobalSection(SolutionConfigurationPlatforms) = preSolution
		Ad-Hoc|Any CPU = Ad-Hoc|Any CPU
		Ad-Hoc|ARM = Ad-Hoc|ARM
		Ad-Hoc|iPhone = Ad-Hoc|iPhone
		Ad-Hoc|iPhoneSimulator = Ad-Hoc|iPhoneSimulator
		Ad-Hoc|x64 = Ad-Hoc|x64
		Ad-Hoc|x86 = Ad-Hoc|x86
		AppStore|Any CPU = AppStore|Any CPU
		AppStore|ARM = AppStore|ARM
		AppStore|iPhone = AppStore|iPhone
		AppStore|iPhoneSimulator = AppStore|iPhoneSimulator
		AppStore|x64 = AppStore|x64
		AppStore|x86 = AppStore|x86
		Debug|Any CPU = Debug|Any CPU
		Debug|ARM = Debug|ARM
		Debug|iPhone = Debug|iPhone
		Debug|iPhoneSimulator = Debug|iPhoneSimulator
		Debug|x64 = Debug|x64
		Debug|x86 = Debug|x86
		Release|Any CPU = Release|Any CPU
		Release|ARM = Release|ARM
		Release|iPhone = Release|iPhone
		Release|iPhoneSimulator = Release|iPhoneSimulator
		Release|x64 = Release|x64
		Release|x86 = Release|x86
	EndGlobalSection
	GlobalSection(ProjectConfigurationPlatforms) = postSolution
		{A125B99F-2338-4FFF-ACF9-38B7E0292981}.Ad-Hoc|Any CPU.ActiveCfg = Release|Any CPU
		{A125B99F-2338-4FFF-ACF9-38B7E0292981}.Ad-Hoc|Any CPU.Build.0 = Release|Any CPU
		{A125B99F-2338-4FFF-ACF9-38B7E0292981}.Ad-Hoc|ARM.ActiveCfg = Release|Any CPU
		{A125B99F-2338-4FFF-ACF9-38B7E0292981}.Ad-Hoc|ARM.Build.0 = Release|Any CPU
		{A125B99F-2338-4FFF-ACF9-38B7E0292981}.Ad-Hoc|iPhone.ActiveCfg = Release|Any CPU
		{A125B99F-2338-4FFF-ACF9-38B7E0292981}.Ad-Hoc|iPhone.Build.0 = Release|Any CPU
		{A125B99F-2338-4FFF-ACF9-38B7E0292981}.Ad-Hoc|iPhoneSimulator.ActiveCfg = Release|Any CPU
		{A125B99F-2338-4FFF-ACF9-38B7E0292981}.Ad-Hoc|iPhoneSimulator.Build.0 = Release|Any CPU
		{A125B99F-2338-4FFF-ACF9-38B7E0292981}.Ad-Hoc|x64.ActiveCfg = Release|Any CPU
		{A125B99F-2338-4FFF-ACF9-38B7E0292981}.Ad-Hoc|x64.Build.0 = Release|Any CPU
		{A125B99F-2338-4FFF-ACF9-38B7E0292981}.Ad-Hoc|x86.ActiveCfg = Release|Any CPU
		{A125B99F-2338-4FFF-ACF9-38B7E0292981}.Ad-Hoc|x86.Build.0 = Release|Any CPU
		{A125B99F-2338-4FFF-ACF9-38B7E0292981}.AppStore|Any CPU.ActiveCfg = Release|Any CPU
		{A125B99F-2338-4FFF-ACF9-38B7E0292981}.AppStore|Any CPU.Build.0 = Release|Any CPU
		{A125B99F-2338-4FFF-ACF9-38B7E0292981}.AppStore|ARM.ActiveCfg = Release|Any CPU
		{A125B99F-2338-4FFF-ACF9-38B7E0292981}.AppStore|ARM.Build.0 = Release|Any CPU
		{A125B99F-2338-4FFF-ACF9-38B7E0292981}.AppStore|iPhone.ActiveCfg = Release|Any CPU
		{A125B99F-2338-4FFF-ACF9-38B7E0292981}.AppStore|iPhone.Build.0 = Release|Any CPU
		{A125B99F-2338-4FFF-ACF9-38B7E0292981}.AppStore|iPhoneSimulator.ActiveCfg = Release|Any CPU
		{A125B99F-2338-4FFF-ACF9-38B7E0292981}.AppStore|iPhoneSimulator.Build.0 = Release|Any CPU
		{A125B99F-2338-4FFF-ACF9-38B7E0292981}.AppStore|x64.ActiveCfg = Release|Any CPU
		{A125B99F-2338-4FFF-ACF9-38B7E0292981}.AppStore|x64.Build.0 = Release|Any CPU
		{A125B99F-2338-4FFF-ACF9-38B7E0292981}.AppStore|x86.ActiveCfg = Release|Any CPU
		{A125B99F-2338-4FFF-ACF9-38B7E0292981}.AppStore|x86.Build.0 = Release|Any CPU
		{A125B99F-2338-4FFF-ACF9-38B7E0292981}.Debug|Any CPU.ActiveCfg = Debug|Any CPU
		{A125B99F-2338-4FFF-ACF9-38B7E0292981}.Debug|Any CPU.Build.0 = Debug|Any CPU
		{A125B99F-2338-4FFF-ACF9-38B7E0292981}.Debug|ARM.ActiveCfg = Debug|Any CPU
		{A125B99F-2338-4FFF-ACF9-38B7E0292981}.Debug|ARM.Build.0 = Debug|Any CPU
		{A125B99F-2338-4FFF-ACF9-38B7E0292981}.Debug|iPhone.ActiveCfg = Debug|Any CPU
		{A125B99F-2338-4FFF-ACF9-38B7E0292981}.Debug|iPhone.Build.0 = Debug|Any CPU
		{A125B99F-2338-4FFF-ACF9-38B7E0292981}.Debug|iPhoneSimulator.ActiveCfg = Debug|Any CPU
		{A125B99F-2338-4FFF-ACF9-38B7E0292981}.Debug|iPhoneSimulator.Build.0 = Debug|Any CPU
		{A125B99F-2338-4FFF-ACF9-38B7E0292981}.Debug|x64.ActiveCfg = Debug|Any CPU
		{A125B99F-2338-4FFF-ACF9-38B7E0292981}.Debug|x64.Build.0 = Debug|Any CPU
		{A125B99F-2338-4FFF-ACF9-38B7E0292981}.Debug|x86.ActiveCfg = Debug|Any CPU
		{A125B99F-2338-4FFF-ACF9-38B7E0292981}.Debug|x86.Build.0 = Debug|Any CPU
		{A125B99F-2338-4FFF-ACF9-38B7E0292981}.Release|Any CPU.ActiveCfg = Release|Any CPU
		{A125B99F-2338-4FFF-ACF9-38B7E0292981}.Release|Any CPU.Build.0 = Release|Any CPU
		{A125B99F-2338-4FFF-ACF9-38B7E0292981}.Release|ARM.ActiveCfg = Release|Any CPU
		{A125B99F-2338-4FFF-ACF9-38B7E0292981}.Release|ARM.Build.0 = Release|Any CPU
		{A125B99F-2338-4FFF-ACF9-38B7E0292981}.Release|iPhone.ActiveCfg = Release|Any CPU
		{A125B99F-2338-4FFF-ACF9-38B7E0292981}.Release|iPhone.Build.0 = Release|Any CPU
		{A125B99F-2338-4FFF-ACF9-38B7E0292981}.Release|iPhoneSimulator.ActiveCfg = Release|Any CPU
		{A125B99F-2338-4FFF-ACF9-38B7E0292981}.Release|iPhoneSimulator.Build.0 = Release|Any CPU
		{A125B99F-2338-4FFF-ACF9-38B7E0292981}.Release|x64.ActiveCfg = Release|Any CPU
		{A125B99F-2338-4FFF-ACF9-38B7E0292981}.Release|x64.Build.0 = Release|Any CPU
		{A125B99F-2338-4FFF-ACF9-38B7E0292981}.Release|x86.ActiveCfg = Release|Any CPU
		{A125B99F-2338-4FFF-ACF9-38B7E0292981}.Release|x86.Build.0 = Release|Any CPU
		{A8AD9CDD-D8CB-4D04-94A3-E5DEB5475F7F}.Ad-Hoc|Any CPU.ActiveCfg = Release|Any CPU
		{A8AD9CDD-D8CB-4D04-94A3-E5DEB5475F7F}.Ad-Hoc|Any CPU.Build.0 = Release|Any CPU
		{A8AD9CDD-D8CB-4D04-94A3-E5DEB5475F7F}.Ad-Hoc|Any CPU.Deploy.0 = Release|Any CPU
		{A8AD9CDD-D8CB-4D04-94A3-E5DEB5475F7F}.Ad-Hoc|ARM.ActiveCfg = Release|Any CPU
		{A8AD9CDD-D8CB-4D04-94A3-E5DEB5475F7F}.Ad-Hoc|ARM.Build.0 = Release|Any CPU
		{A8AD9CDD-D8CB-4D04-94A3-E5DEB5475F7F}.Ad-Hoc|ARM.Deploy.0 = Release|Any CPU
		{A8AD9CDD-D8CB-4D04-94A3-E5DEB5475F7F}.Ad-Hoc|iPhone.ActiveCfg = Release|Any CPU
		{A8AD9CDD-D8CB-4D04-94A3-E5DEB5475F7F}.Ad-Hoc|iPhone.Build.0 = Release|Any CPU
		{A8AD9CDD-D8CB-4D04-94A3-E5DEB5475F7F}.Ad-Hoc|iPhone.Deploy.0 = Release|Any CPU
		{A8AD9CDD-D8CB-4D04-94A3-E5DEB5475F7F}.Ad-Hoc|iPhoneSimulator.ActiveCfg = Release|Any CPU
		{A8AD9CDD-D8CB-4D04-94A3-E5DEB5475F7F}.Ad-Hoc|iPhoneSimulator.Build.0 = Release|Any CPU
		{A8AD9CDD-D8CB-4D04-94A3-E5DEB5475F7F}.Ad-Hoc|iPhoneSimulator.Deploy.0 = Release|Any CPU
		{A8AD9CDD-D8CB-4D04-94A3-E5DEB5475F7F}.Ad-Hoc|x64.ActiveCfg = Release|Any CPU
		{A8AD9CDD-D8CB-4D04-94A3-E5DEB5475F7F}.Ad-Hoc|x64.Build.0 = Release|Any CPU
		{A8AD9CDD-D8CB-4D04-94A3-E5DEB5475F7F}.Ad-Hoc|x64.Deploy.0 = Release|Any CPU
		{A8AD9CDD-D8CB-4D04-94A3-E5DEB5475F7F}.Ad-Hoc|x86.ActiveCfg = Release|Any CPU
		{A8AD9CDD-D8CB-4D04-94A3-E5DEB5475F7F}.Ad-Hoc|x86.Build.0 = Release|Any CPU
		{A8AD9CDD-D8CB-4D04-94A3-E5DEB5475F7F}.Ad-Hoc|x86.Deploy.0 = Release|Any CPU
		{A8AD9CDD-D8CB-4D04-94A3-E5DEB5475F7F}.AppStore|Any CPU.ActiveCfg = Release|Any CPU
		{A8AD9CDD-D8CB-4D04-94A3-E5DEB5475F7F}.AppStore|Any CPU.Build.0 = Release|Any CPU
		{A8AD9CDD-D8CB-4D04-94A3-E5DEB5475F7F}.AppStore|Any CPU.Deploy.0 = Release|Any CPU
		{A8AD9CDD-D8CB-4D04-94A3-E5DEB5475F7F}.AppStore|ARM.ActiveCfg = Release|Any CPU
		{A8AD9CDD-D8CB-4D04-94A3-E5DEB5475F7F}.AppStore|ARM.Build.0 = Release|Any CPU
		{A8AD9CDD-D8CB-4D04-94A3-E5DEB5475F7F}.AppStore|ARM.Deploy.0 = Release|Any CPU
		{A8AD9CDD-D8CB-4D04-94A3-E5DEB5475F7F}.AppStore|iPhone.ActiveCfg = Release|Any CPU
		{A8AD9CDD-D8CB-4D04-94A3-E5DEB5475F7F}.AppStore|iPhone.Build.0 = Release|Any CPU
		{A8AD9CDD-D8CB-4D04-94A3-E5DEB5475F7F}.AppStore|iPhone.Deploy.0 = Release|Any CPU
		{A8AD9CDD-D8CB-4D04-94A3-E5DEB5475F7F}.AppStore|iPhoneSimulator.ActiveCfg = Release|Any CPU
		{A8AD9CDD-D8CB-4D04-94A3-E5DEB5475F7F}.AppStore|iPhoneSimulator.Build.0 = Release|Any CPU
		{A8AD9CDD-D8CB-4D04-94A3-E5DEB5475F7F}.AppStore|iPhoneSimulator.Deploy.0 = Release|Any CPU
		{A8AD9CDD-D8CB-4D04-94A3-E5DEB5475F7F}.AppStore|x64.ActiveCfg = Release|Any CPU
		{A8AD9CDD-D8CB-4D04-94A3-E5DEB5475F7F}.AppStore|x64.Build.0 = Release|Any CPU
		{A8AD9CDD-D8CB-4D04-94A3-E5DEB5475F7F}.AppStore|x64.Deploy.0 = Release|Any CPU
		{A8AD9CDD-D8CB-4D04-94A3-E5DEB5475F7F}.AppStore|x86.ActiveCfg = Release|Any CPU
		{A8AD9CDD-D8CB-4D04-94A3-E5DEB5475F7F}.AppStore|x86.Build.0 = Release|Any CPU
		{A8AD9CDD-D8CB-4D04-94A3-E5DEB5475F7F}.AppStore|x86.Deploy.0 = Release|Any CPU
		{A8AD9CDD-D8CB-4D04-94A3-E5DEB5475F7F}.Debug|Any CPU.ActiveCfg = Debug|Any CPU
		{A8AD9CDD-D8CB-4D04-94A3-E5DEB5475F7F}.Debug|Any CPU.Build.0 = Debug|Any CPU
		{A8AD9CDD-D8CB-4D04-94A3-E5DEB5475F7F}.Debug|Any CPU.Deploy.0 = Debug|Any CPU
		{A8AD9CDD-D8CB-4D04-94A3-E5DEB5475F7F}.Debug|ARM.ActiveCfg = Debug|Any CPU
		{A8AD9CDD-D8CB-4D04-94A3-E5DEB5475F7F}.Debug|ARM.Build.0 = Debug|Any CPU
		{A8AD9CDD-D8CB-4D04-94A3-E5DEB5475F7F}.Debug|ARM.Deploy.0 = Debug|Any CPU
		{A8AD9CDD-D8CB-4D04-94A3-E5DEB5475F7F}.Debug|iPhone.ActiveCfg = Debug|Any CPU
		{A8AD9CDD-D8CB-4D04-94A3-E5DEB5475F7F}.Debug|iPhone.Build.0 = Debug|Any CPU
		{A8AD9CDD-D8CB-4D04-94A3-E5DEB5475F7F}.Debug|iPhone.Deploy.0 = Debug|Any CPU
		{A8AD9CDD-D8CB-4D04-94A3-E5DEB5475F7F}.Debug|iPhoneSimulator.ActiveCfg = Debug|Any CPU
		{A8AD9CDD-D8CB-4D04-94A3-E5DEB5475F7F}.Debug|iPhoneSimulator.Build.0 = Debug|Any CPU
		{A8AD9CDD-D8CB-4D04-94A3-E5DEB5475F7F}.Debug|iPhoneSimulator.Deploy.0 = Debug|Any CPU
		{A8AD9CDD-D8CB-4D04-94A3-E5DEB5475F7F}.Debug|x64.ActiveCfg = Debug|Any CPU
		{A8AD9CDD-D8CB-4D04-94A3-E5DEB5475F7F}.Debug|x64.Build.0 = Debug|Any CPU
		{A8AD9CDD-D8CB-4D04-94A3-E5DEB5475F7F}.Debug|x64.Deploy.0 = Debug|Any CPU
		{A8AD9CDD-D8CB-4D04-94A3-E5DEB5475F7F}.Debug|x86.ActiveCfg = Debug|Any CPU
		{A8AD9CDD-D8CB-4D04-94A3-E5DEB5475F7F}.Debug|x86.Build.0 = Debug|Any CPU
		{A8AD9CDD-D8CB-4D04-94A3-E5DEB5475F7F}.Debug|x86.Deploy.0 = Debug|Any CPU
		{A8AD9CDD-D8CB-4D04-94A3-E5DEB5475F7F}.Release|Any CPU.ActiveCfg = Release|Any CPU
		{A8AD9CDD-D8CB-4D04-94A3-E5DEB5475F7F}.Release|Any CPU.Build.0 = Release|Any CPU
		{A8AD9CDD-D8CB-4D04-94A3-E5DEB5475F7F}.Release|Any CPU.Deploy.0 = Release|Any CPU
		{A8AD9CDD-D8CB-4D04-94A3-E5DEB5475F7F}.Release|ARM.ActiveCfg = Release|Any CPU
		{A8AD9CDD-D8CB-4D04-94A3-E5DEB5475F7F}.Release|ARM.Build.0 = Release|Any CPU
		{A8AD9CDD-D8CB-4D04-94A3-E5DEB5475F7F}.Release|ARM.Deploy.0 = Release|Any CPU
		{A8AD9CDD-D8CB-4D04-94A3-E5DEB5475F7F}.Release|iPhone.ActiveCfg = Release|Any CPU
		{A8AD9CDD-D8CB-4D04-94A3-E5DEB5475F7F}.Release|iPhone.Build.0 = Release|Any CPU
		{A8AD9CDD-D8CB-4D04-94A3-E5DEB5475F7F}.Release|iPhone.Deploy.0 = Release|Any CPU
		{A8AD9CDD-D8CB-4D04-94A3-E5DEB5475F7F}.Release|iPhoneSimulator.ActiveCfg = Release|Any CPU
		{A8AD9CDD-D8CB-4D04-94A3-E5DEB5475F7F}.Release|iPhoneSimulator.Build.0 = Release|Any CPU
		{A8AD9CDD-D8CB-4D04-94A3-E5DEB5475F7F}.Release|iPhoneSimulator.Deploy.0 = Release|Any CPU
		{A8AD9CDD-D8CB-4D04-94A3-E5DEB5475F7F}.Release|x64.ActiveCfg = Release|Any CPU
		{A8AD9CDD-D8CB-4D04-94A3-E5DEB5475F7F}.Release|x64.Build.0 = Release|Any CPU
		{A8AD9CDD-D8CB-4D04-94A3-E5DEB5475F7F}.Release|x64.Deploy.0 = Release|Any CPU
		{A8AD9CDD-D8CB-4D04-94A3-E5DEB5475F7F}.Release|x86.ActiveCfg = Release|Any CPU
		{A8AD9CDD-D8CB-4D04-94A3-E5DEB5475F7F}.Release|x86.Build.0 = Release|Any CPU
		{A8AD9CDD-D8CB-4D04-94A3-E5DEB5475F7F}.Release|x86.Deploy.0 = Release|Any CPU
		{65246683-8001-40D1-8BCA-340E8EDCD5F7}.Ad-Hoc|Any CPU.ActiveCfg = Ad-Hoc|iPhone
		{65246683-8001-40D1-8BCA-340E8EDCD5F7}.Ad-Hoc|ARM.ActiveCfg = Ad-Hoc|iPhone
		{65246683-8001-40D1-8BCA-340E8EDCD5F7}.Ad-Hoc|iPhone.ActiveCfg = Ad-Hoc|iPhone
		{65246683-8001-40D1-8BCA-340E8EDCD5F7}.Ad-Hoc|iPhone.Build.0 = Ad-Hoc|iPhone
		{65246683-8001-40D1-8BCA-340E8EDCD5F7}.Ad-Hoc|iPhoneSimulator.ActiveCfg = Ad-Hoc|iPhoneSimulator
		{65246683-8001-40D1-8BCA-340E8EDCD5F7}.Ad-Hoc|iPhoneSimulator.Build.0 = Ad-Hoc|iPhoneSimulator
		{65246683-8001-40D1-8BCA-340E8EDCD5F7}.Ad-Hoc|x64.ActiveCfg = Ad-Hoc|iPhone
		{65246683-8001-40D1-8BCA-340E8EDCD5F7}.Ad-Hoc|x86.ActiveCfg = Ad-Hoc|iPhone
		{65246683-8001-40D1-8BCA-340E8EDCD5F7}.AppStore|Any CPU.ActiveCfg = AppStore|iPhone
		{65246683-8001-40D1-8BCA-340E8EDCD5F7}.AppStore|ARM.ActiveCfg = AppStore|iPhone
		{65246683-8001-40D1-8BCA-340E8EDCD5F7}.AppStore|iPhone.ActiveCfg = AppStore|iPhone
		{65246683-8001-40D1-8BCA-340E8EDCD5F7}.AppStore|iPhone.Build.0 = AppStore|iPhone
		{65246683-8001-40D1-8BCA-340E8EDCD5F7}.AppStore|iPhoneSimulator.ActiveCfg = AppStore|iPhoneSimulator
		{65246683-8001-40D1-8BCA-340E8EDCD5F7}.AppStore|iPhoneSimulator.Build.0 = AppStore|iPhoneSimulator
		{65246683-8001-40D1-8BCA-340E8EDCD5F7}.AppStore|x64.ActiveCfg = AppStore|iPhone
		{65246683-8001-40D1-8BCA-340E8EDCD5F7}.AppStore|x86.ActiveCfg = AppStore|iPhone
		{65246683-8001-40D1-8BCA-340E8EDCD5F7}.Debug|Any CPU.ActiveCfg = Debug|iPhone
		{65246683-8001-40D1-8BCA-340E8EDCD5F7}.Debug|ARM.ActiveCfg = Debug|iPhone
		{65246683-8001-40D1-8BCA-340E8EDCD5F7}.Debug|iPhone.ActiveCfg = Debug|iPhone
		{65246683-8001-40D1-8BCA-340E8EDCD5F7}.Debug|iPhone.Build.0 = Debug|iPhone
		{65246683-8001-40D1-8BCA-340E8EDCD5F7}.Debug|iPhoneSimulator.ActiveCfg = Debug|iPhoneSimulator
		{65246683-8001-40D1-8BCA-340E8EDCD5F7}.Debug|iPhoneSimulator.Build.0 = Debug|iPhoneSimulator
		{65246683-8001-40D1-8BCA-340E8EDCD5F7}.Debug|x64.ActiveCfg = Debug|iPhone
		{65246683-8001-40D1-8BCA-340E8EDCD5F7}.Debug|x86.ActiveCfg = Debug|iPhone
		{65246683-8001-40D1-8BCA-340E8EDCD5F7}.Release|Any CPU.ActiveCfg = Release|iPhone
		{65246683-8001-40D1-8BCA-340E8EDCD5F7}.Release|ARM.ActiveCfg = Release|iPhone
		{65246683-8001-40D1-8BCA-340E8EDCD5F7}.Release|iPhone.ActiveCfg = Release|iPhone
		{65246683-8001-40D1-8BCA-340E8EDCD5F7}.Release|iPhone.Build.0 = Release|iPhone
		{65246683-8001-40D1-8BCA-340E8EDCD5F7}.Release|iPhoneSimulator.ActiveCfg = Release|iPhoneSimulator
		{65246683-8001-40D1-8BCA-340E8EDCD5F7}.Release|iPhoneSimulator.Build.0 = Release|iPhoneSimulator
		{65246683-8001-40D1-8BCA-340E8EDCD5F7}.Release|x64.ActiveCfg = Release|iPhone
		{65246683-8001-40D1-8BCA-340E8EDCD5F7}.Release|x86.ActiveCfg = Release|iPhone
		{89A24204-C7D9-4FC3-A6E5-D79D5A02BA14}.Ad-Hoc|Any CPU.ActiveCfg = Release|Any CPU
		{89A24204-C7D9-4FC3-A6E5-D79D5A02BA14}.Ad-Hoc|Any CPU.Build.0 = Release|Any CPU
		{89A24204-C7D9-4FC3-A6E5-D79D5A02BA14}.Ad-Hoc|Any CPU.Deploy.0 = Release|Any CPU
		{89A24204-C7D9-4FC3-A6E5-D79D5A02BA14}.Ad-Hoc|ARM.ActiveCfg = Release|ARM
		{89A24204-C7D9-4FC3-A6E5-D79D5A02BA14}.Ad-Hoc|ARM.Build.0 = Release|ARM
		{89A24204-C7D9-4FC3-A6E5-D79D5A02BA14}.Ad-Hoc|ARM.Deploy.0 = Release|ARM
		{89A24204-C7D9-4FC3-A6E5-D79D5A02BA14}.Ad-Hoc|iPhone.ActiveCfg = Release|Any CPU
		{89A24204-C7D9-4FC3-A6E5-D79D5A02BA14}.Ad-Hoc|iPhone.Build.0 = Release|Any CPU
		{89A24204-C7D9-4FC3-A6E5-D79D5A02BA14}.Ad-Hoc|iPhone.Deploy.0 = Release|Any CPU
		{89A24204-C7D9-4FC3-A6E5-D79D5A02BA14}.Ad-Hoc|iPhoneSimulator.ActiveCfg = Release|Any CPU
		{89A24204-C7D9-4FC3-A6E5-D79D5A02BA14}.Ad-Hoc|iPhoneSimulator.Build.0 = Release|Any CPU
		{89A24204-C7D9-4FC3-A6E5-D79D5A02BA14}.Ad-Hoc|iPhoneSimulator.Deploy.0 = Release|Any CPU
		{89A24204-C7D9-4FC3-A6E5-D79D5A02BA14}.Ad-Hoc|x64.ActiveCfg = Release|Any CPU
		{89A24204-C7D9-4FC3-A6E5-D79D5A02BA14}.Ad-Hoc|x64.Build.0 = Release|Any CPU
		{89A24204-C7D9-4FC3-A6E5-D79D5A02BA14}.Ad-Hoc|x64.Deploy.0 = Release|Any CPU
		{89A24204-C7D9-4FC3-A6E5-D79D5A02BA14}.Ad-Hoc|x86.ActiveCfg = Release|x86
		{89A24204-C7D9-4FC3-A6E5-D79D5A02BA14}.Ad-Hoc|x86.Build.0 = Release|x86
		{89A24204-C7D9-4FC3-A6E5-D79D5A02BA14}.Ad-Hoc|x86.Deploy.0 = Release|x86
		{89A24204-C7D9-4FC3-A6E5-D79D5A02BA14}.AppStore|Any CPU.ActiveCfg = Release|Any CPU
		{89A24204-C7D9-4FC3-A6E5-D79D5A02BA14}.AppStore|Any CPU.Build.0 = Release|Any CPU
		{89A24204-C7D9-4FC3-A6E5-D79D5A02BA14}.AppStore|Any CPU.Deploy.0 = Release|Any CPU
		{89A24204-C7D9-4FC3-A6E5-D79D5A02BA14}.AppStore|ARM.ActiveCfg = Release|ARM
		{89A24204-C7D9-4FC3-A6E5-D79D5A02BA14}.AppStore|ARM.Build.0 = Release|ARM
		{89A24204-C7D9-4FC3-A6E5-D79D5A02BA14}.AppStore|ARM.Deploy.0 = Release|ARM
		{89A24204-C7D9-4FC3-A6E5-D79D5A02BA14}.AppStore|iPhone.ActiveCfg = Release|Any CPU
		{89A24204-C7D9-4FC3-A6E5-D79D5A02BA14}.AppStore|iPhone.Build.0 = Release|Any CPU
		{89A24204-C7D9-4FC3-A6E5-D79D5A02BA14}.AppStore|iPhone.Deploy.0 = Release|Any CPU
		{89A24204-C7D9-4FC3-A6E5-D79D5A02BA14}.AppStore|iPhoneSimulator.ActiveCfg = Release|Any CPU
		{89A24204-C7D9-4FC3-A6E5-D79D5A02BA14}.AppStore|iPhoneSimulator.Build.0 = Release|Any CPU
		{89A24204-C7D9-4FC3-A6E5-D79D5A02BA14}.AppStore|iPhoneSimulator.Deploy.0 = Release|Any CPU
		{89A24204-C7D9-4FC3-A6E5-D79D5A02BA14}.AppStore|x64.ActiveCfg = Release|Any CPU
		{89A24204-C7D9-4FC3-A6E5-D79D5A02BA14}.AppStore|x64.Build.0 = Release|Any CPU
		{89A24204-C7D9-4FC3-A6E5-D79D5A02BA14}.AppStore|x64.Deploy.0 = Release|Any CPU
		{89A24204-C7D9-4FC3-A6E5-D79D5A02BA14}.AppStore|x86.ActiveCfg = Release|x86
		{89A24204-C7D9-4FC3-A6E5-D79D5A02BA14}.AppStore|x86.Build.0 = Release|x86
		{89A24204-C7D9-4FC3-A6E5-D79D5A02BA14}.AppStore|x86.Deploy.0 = Release|x86
		{89A24204-C7D9-4FC3-A6E5-D79D5A02BA14}.Debug|Any CPU.ActiveCfg = Debug|Any CPU
		{89A24204-C7D9-4FC3-A6E5-D79D5A02BA14}.Debug|Any CPU.Build.0 = Debug|Any CPU
		{89A24204-C7D9-4FC3-A6E5-D79D5A02BA14}.Debug|Any CPU.Deploy.0 = Debug|Any CPU
		{89A24204-C7D9-4FC3-A6E5-D79D5A02BA14}.Debug|ARM.ActiveCfg = Debug|ARM
		{89A24204-C7D9-4FC3-A6E5-D79D5A02BA14}.Debug|ARM.Build.0 = Debug|ARM
		{89A24204-C7D9-4FC3-A6E5-D79D5A02BA14}.Debug|ARM.Deploy.0 = Debug|ARM
		{89A24204-C7D9-4FC3-A6E5-D79D5A02BA14}.Debug|iPhone.ActiveCfg = Debug|Any CPU
		{89A24204-C7D9-4FC3-A6E5-D79D5A02BA14}.Debug|iPhone.Build.0 = Debug|Any CPU
		{89A24204-C7D9-4FC3-A6E5-D79D5A02BA14}.Debug|iPhone.Deploy.0 = Debug|Any CPU
		{89A24204-C7D9-4FC3-A6E5-D79D5A02BA14}.Debug|iPhoneSimulator.ActiveCfg = Debug|Any CPU
		{89A24204-C7D9-4FC3-A6E5-D79D5A02BA14}.Debug|iPhoneSimulator.Build.0 = Debug|Any CPU
		{89A24204-C7D9-4FC3-A6E5-D79D5A02BA14}.Debug|iPhoneSimulator.Deploy.0 = Debug|Any CPU
		{89A24204-C7D9-4FC3-A6E5-D79D5A02BA14}.Debug|x64.ActiveCfg = Debug|Any CPU
		{89A24204-C7D9-4FC3-A6E5-D79D5A02BA14}.Debug|x64.Build.0 = Debug|Any CPU
		{89A24204-C7D9-4FC3-A6E5-D79D5A02BA14}.Debug|x64.Deploy.0 = Debug|Any CPU
		{89A24204-C7D9-4FC3-A6E5-D79D5A02BA14}.Debug|x86.ActiveCfg = Debug|x86
		{89A24204-C7D9-4FC3-A6E5-D79D5A02BA14}.Debug|x86.Build.0 = Debug|x86
		{89A24204-C7D9-4FC3-A6E5-D79D5A02BA14}.Debug|x86.Deploy.0 = Debug|x86
		{89A24204-C7D9-4FC3-A6E5-D79D5A02BA14}.Release|Any CPU.ActiveCfg = Release|Any CPU
		{89A24204-C7D9-4FC3-A6E5-D79D5A02BA14}.Release|Any CPU.Build.0 = Release|Any CPU
		{89A24204-C7D9-4FC3-A6E5-D79D5A02BA14}.Release|Any CPU.Deploy.0 = Release|Any CPU
		{89A24204-C7D9-4FC3-A6E5-D79D5A02BA14}.Release|ARM.ActiveCfg = Release|ARM
		{89A24204-C7D9-4FC3-A6E5-D79D5A02BA14}.Release|ARM.Build.0 = Release|ARM
		{89A24204-C7D9-4FC3-A6E5-D79D5A02BA14}.Release|ARM.Deploy.0 = Release|ARM
		{89A24204-C7D9-4FC3-A6E5-D79D5A02BA14}.Release|iPhone.ActiveCfg = Release|Any CPU
		{89A24204-C7D9-4FC3-A6E5-D79D5A02BA14}.Release|iPhone.Build.0 = Release|Any CPU
		{89A24204-C7D9-4FC3-A6E5-D79D5A02BA14}.Release|iPhone.Deploy.0 = Release|Any CPU
		{89A24204-C7D9-4FC3-A6E5-D79D5A02BA14}.Release|iPhoneSimulator.ActiveCfg = Release|Any CPU
		{89A24204-C7D9-4FC3-A6E5-D79D5A02BA14}.Release|iPhoneSimulator.Build.0 = Release|Any CPU
		{89A24204-C7D9-4FC3-A6E5-D79D5A02BA14}.Release|iPhoneSimulator.Deploy.0 = Release|Any CPU
		{89A24204-C7D9-4FC3-A6E5-D79D5A02BA14}.Release|x64.ActiveCfg = Release|Any CPU
		{89A24204-C7D9-4FC3-A6E5-D79D5A02BA14}.Release|x64.Build.0 = Release|Any CPU
		{89A24204-C7D9-4FC3-A6E5-D79D5A02BA14}.Release|x64.Deploy.0 = Release|Any CPU
		{89A24204-C7D9-4FC3-A6E5-D79D5A02BA14}.Release|x86.ActiveCfg = Release|x86
		{89A24204-C7D9-4FC3-A6E5-D79D5A02BA14}.Release|x86.Build.0 = Release|x86
		{89A24204-C7D9-4FC3-A6E5-D79D5A02BA14}.Release|x86.Deploy.0 = Release|x86
		{7BBF4A85-3E26-416D-89D4-10C0EE185E12}.Ad-Hoc|Any CPU.ActiveCfg = Release|Any CPU
		{7BBF4A85-3E26-416D-89D4-10C0EE185E12}.Ad-Hoc|Any CPU.Build.0 = Release|Any CPU
		{7BBF4A85-3E26-416D-89D4-10C0EE185E12}.Ad-Hoc|Any CPU.Deploy.0 = Release|Any CPU
		{7BBF4A85-3E26-416D-89D4-10C0EE185E12}.Ad-Hoc|ARM.ActiveCfg = Release|ARM
		{7BBF4A85-3E26-416D-89D4-10C0EE185E12}.Ad-Hoc|ARM.Build.0 = Release|ARM
		{7BBF4A85-3E26-416D-89D4-10C0EE185E12}.Ad-Hoc|ARM.Deploy.0 = Release|ARM
		{7BBF4A85-3E26-416D-89D4-10C0EE185E12}.Ad-Hoc|iPhone.ActiveCfg = Release|Any CPU
		{7BBF4A85-3E26-416D-89D4-10C0EE185E12}.Ad-Hoc|iPhone.Build.0 = Release|Any CPU
		{7BBF4A85-3E26-416D-89D4-10C0EE185E12}.Ad-Hoc|iPhone.Deploy.0 = Release|Any CPU
		{7BBF4A85-3E26-416D-89D4-10C0EE185E12}.Ad-Hoc|iPhoneSimulator.ActiveCfg = Release|Any CPU
		{7BBF4A85-3E26-416D-89D4-10C0EE185E12}.Ad-Hoc|iPhoneSimulator.Build.0 = Release|Any CPU
		{7BBF4A85-3E26-416D-89D4-10C0EE185E12}.Ad-Hoc|iPhoneSimulator.Deploy.0 = Release|Any CPU
		{7BBF4A85-3E26-416D-89D4-10C0EE185E12}.Ad-Hoc|x64.ActiveCfg = Release|x64
		{7BBF4A85-3E26-416D-89D4-10C0EE185E12}.Ad-Hoc|x64.Build.0 = Release|x64
		{7BBF4A85-3E26-416D-89D4-10C0EE185E12}.Ad-Hoc|x64.Deploy.0 = Release|x64
		{7BBF4A85-3E26-416D-89D4-10C0EE185E12}.Ad-Hoc|x86.ActiveCfg = Release|x86
		{7BBF4A85-3E26-416D-89D4-10C0EE185E12}.Ad-Hoc|x86.Build.0 = Release|x86
		{7BBF4A85-3E26-416D-89D4-10C0EE185E12}.Ad-Hoc|x86.Deploy.0 = Release|x86
		{7BBF4A85-3E26-416D-89D4-10C0EE185E12}.AppStore|Any CPU.ActiveCfg = Release|Any CPU
		{7BBF4A85-3E26-416D-89D4-10C0EE185E12}.AppStore|Any CPU.Build.0 = Release|Any CPU
		{7BBF4A85-3E26-416D-89D4-10C0EE185E12}.AppStore|Any CPU.Deploy.0 = Release|Any CPU
		{7BBF4A85-3E26-416D-89D4-10C0EE185E12}.AppStore|ARM.ActiveCfg = Release|ARM
		{7BBF4A85-3E26-416D-89D4-10C0EE185E12}.AppStore|ARM.Build.0 = Release|ARM
		{7BBF4A85-3E26-416D-89D4-10C0EE185E12}.AppStore|ARM.Deploy.0 = Release|ARM
		{7BBF4A85-3E26-416D-89D4-10C0EE185E12}.AppStore|iPhone.ActiveCfg = Release|Any CPU
		{7BBF4A85-3E26-416D-89D4-10C0EE185E12}.AppStore|iPhone.Build.0 = Release|Any CPU
		{7BBF4A85-3E26-416D-89D4-10C0EE185E12}.AppStore|iPhone.Deploy.0 = Release|Any CPU
		{7BBF4A85-3E26-416D-89D4-10C0EE185E12}.AppStore|iPhoneSimulator.ActiveCfg = Release|Any CPU
		{7BBF4A85-3E26-416D-89D4-10C0EE185E12}.AppStore|iPhoneSimulator.Build.0 = Release|Any CPU
		{7BBF4A85-3E26-416D-89D4-10C0EE185E12}.AppStore|iPhoneSimulator.Deploy.0 = Release|Any CPU
		{7BBF4A85-3E26-416D-89D4-10C0EE185E12}.AppStore|x64.ActiveCfg = Release|x64
		{7BBF4A85-3E26-416D-89D4-10C0EE185E12}.AppStore|x64.Build.0 = Release|x64
		{7BBF4A85-3E26-416D-89D4-10C0EE185E12}.AppStore|x64.Deploy.0 = Release|x64
		{7BBF4A85-3E26-416D-89D4-10C0EE185E12}.AppStore|x86.ActiveCfg = Release|x86
		{7BBF4A85-3E26-416D-89D4-10C0EE185E12}.AppStore|x86.Build.0 = Release|x86
		{7BBF4A85-3E26-416D-89D4-10C0EE185E12}.AppStore|x86.Deploy.0 = Release|x86
		{7BBF4A85-3E26-416D-89D4-10C0EE185E12}.Debug|Any CPU.ActiveCfg = Debug|Any CPU
		{7BBF4A85-3E26-416D-89D4-10C0EE185E12}.Debug|Any CPU.Build.0 = Debug|Any CPU
		{7BBF4A85-3E26-416D-89D4-10C0EE185E12}.Debug|Any CPU.Deploy.0 = Debug|Any CPU
		{7BBF4A85-3E26-416D-89D4-10C0EE185E12}.Debug|ARM.ActiveCfg = Debug|ARM
		{7BBF4A85-3E26-416D-89D4-10C0EE185E12}.Debug|ARM.Build.0 = Debug|ARM
		{7BBF4A85-3E26-416D-89D4-10C0EE185E12}.Debug|ARM.Deploy.0 = Debug|ARM
		{7BBF4A85-3E26-416D-89D4-10C0EE185E12}.Debug|iPhone.ActiveCfg = Debug|Any CPU
		{7BBF4A85-3E26-416D-89D4-10C0EE185E12}.Debug|iPhone.Build.0 = Debug|Any CPU
		{7BBF4A85-3E26-416D-89D4-10C0EE185E12}.Debug|iPhone.Deploy.0 = Debug|Any CPU
		{7BBF4A85-3E26-416D-89D4-10C0EE185E12}.Debug|iPhoneSimulator.ActiveCfg = Debug|Any CPU
		{7BBF4A85-3E26-416D-89D4-10C0EE185E12}.Debug|iPhoneSimulator.Build.0 = Debug|Any CPU
		{7BBF4A85-3E26-416D-89D4-10C0EE185E12}.Debug|iPhoneSimulator.Deploy.0 = Debug|Any CPU
		{7BBF4A85-3E26-416D-89D4-10C0EE185E12}.Debug|x64.ActiveCfg = Debug|x64
		{7BBF4A85-3E26-416D-89D4-10C0EE185E12}.Debug|x64.Build.0 = Debug|x64
		{7BBF4A85-3E26-416D-89D4-10C0EE185E12}.Debug|x64.Deploy.0 = Debug|x64
		{7BBF4A85-3E26-416D-89D4-10C0EE185E12}.Debug|x86.ActiveCfg = Debug|x86
		{7BBF4A85-3E26-416D-89D4-10C0EE185E12}.Debug|x86.Build.0 = Debug|x86
		{7BBF4A85-3E26-416D-89D4-10C0EE185E12}.Debug|x86.Deploy.0 = Debug|x86
		{7BBF4A85-3E26-416D-89D4-10C0EE185E12}.Release|Any CPU.ActiveCfg = Release|Any CPU
		{7BBF4A85-3E26-416D-89D4-10C0EE185E12}.Release|Any CPU.Build.0 = Release|Any CPU
		{7BBF4A85-3E26-416D-89D4-10C0EE185E12}.Release|Any CPU.Deploy.0 = Release|Any CPU
		{7BBF4A85-3E26-416D-89D4-10C0EE185E12}.Release|ARM.ActiveCfg = Release|ARM
		{7BBF4A85-3E26-416D-89D4-10C0EE185E12}.Release|ARM.Build.0 = Release|ARM
		{7BBF4A85-3E26-416D-89D4-10C0EE185E12}.Release|ARM.Deploy.0 = Release|ARM
		{7BBF4A85-3E26-416D-89D4-10C0EE185E12}.Release|iPhone.ActiveCfg = Release|Any CPU
		{7BBF4A85-3E26-416D-89D4-10C0EE185E12}.Release|iPhone.Build.0 = Release|Any CPU
		{7BBF4A85-3E26-416D-89D4-10C0EE185E12}.Release|iPhone.Deploy.0 = Release|Any CPU
		{7BBF4A85-3E26-416D-89D4-10C0EE185E12}.Release|iPhoneSimulator.ActiveCfg = Release|Any CPU
		{7BBF4A85-3E26-416D-89D4-10C0EE185E12}.Release|iPhoneSimulator.Build.0 = Release|Any CPU
		{7BBF4A85-3E26-416D-89D4-10C0EE185E12}.Release|iPhoneSimulator.Deploy.0 = Release|Any CPU
		{7BBF4A85-3E26-416D-89D4-10C0EE185E12}.Release|x64.ActiveCfg = Release|x64
		{7BBF4A85-3E26-416D-89D4-10C0EE185E12}.Release|x64.Build.0 = Release|x64
		{7BBF4A85-3E26-416D-89D4-10C0EE185E12}.Release|x64.Deploy.0 = Release|x64
		{7BBF4A85-3E26-416D-89D4-10C0EE185E12}.Release|x86.ActiveCfg = Release|x86
		{7BBF4A85-3E26-416D-89D4-10C0EE185E12}.Release|x86.Build.0 = Release|x86
		{7BBF4A85-3E26-416D-89D4-10C0EE185E12}.Release|x86.Deploy.0 = Release|x86
	EndGlobalSection
	GlobalSection(SolutionProperties) = preSolution
		HideSolutionNode = FALSE
	EndGlobalSection
EndGlobal
